{
  "version": 4,
  "terraform_version": "1.14.3",
  "serial": 218,
  "lineage": "3cd596af-b8a2-3bca-9a67-a8998f70d310",
  "outputs": {},
  "resources": [
    {
      "mode": "data",
      "type": "vsphere_compute_cluster",
      "name": "cluster",
      "provider": "provider[\"registry.terraform.io/hashicorp/vsphere\"]",
      "instances": [
        {
          "schema_version": 0,
          "attributes": {
            "datacenter_id": "datacenter-3",
            "id": "domain-c8",
            "name": "BRD-DRS-CLUSTER",
            "resource_pool_id": "resgroup-9"
          },
          "sensitive_attributes": [],
          "identity_schema_version": 0
        }
      ]
    },
    {
      "mode": "data",
      "type": "vsphere_datacenter",
      "name": "dc",
      "provider": "provider[\"registry.terraform.io/hashicorp/vsphere\"]",
      "instances": [
        {
          "schema_version": 0,
          "attributes": {
            "id": "datacenter-3",
            "name": "BRD-DRS",
            "virtual_machines": [
              "BRD-CHECKPOINT-EDR.copy",
              "BRD-CONTROL-SERVER-API.copy",
              "BRD-DRS-DAM-SRV",
              "BRD-DRS-DC",
              "BRD-DRS-DLP",
              "BRD-DRS-GLOBODOX",
              "BRD-DRS-MONITORING",
              "BRD-DRS-PAM-SRV",
              "BRD-DRS-VCENTER",
              "BRD-IPSEC_TEST",
              "BRD-REV-EDU-DB-PROD.copy",
              "HPE-DR-CloudPhysics-Observer",
              "VRRPA-Plugin-Server",
              "pr-k8s-cp-01",
              "pr-k8s-cp-02",
              "pr-k8s-cp-03",
              "pr-k8s-wk-01",
              "pr-k8s-wk-02",
              "pr-k8s-wk-03",
              "rp.BDR-DAM-PAM-SRV.copy.shadow",
              "rp.BRD RIPPS DB PROD.copy.shadow",
              "rp.BRD RIPPS DB.copy.shadow",
              "rp.BRD-ACCESS-CONTROL-DEV-UBUN.copy.shadow",
              "rp.BRD-AFFORD-HOUSE.copy.shadow",
              "rp.BRD-GLOBODOX-PROD.copy.shadow",
              "rp.BRD-GitOps-Prod.copy.shadow",
              "rp.BRD-HATANA-PROD.copy.shadow",
              "rp.BRD-HQ-SYSLOG-SRV.copy.shadow",
              "rp.BRD-IBANK-APPv3-PROD.copy.shadow",
              "rp.BRD-IBANK-DB-PROD.copy.shadow",
              "rp.BRD-IWANJYE-DB-PROD.copy.shadow",
              "rp.BRD-MINUZA-APP-PROD-01.copy.shadow",
              "rp.BRD-MINUZA-DB-PROD.copy.shadow",
              "rp.BRD-MINUZA-DB-STAGING.copy.shadow",
              "rp.BRD-MIS-APP.copy.shadow",
              "rp.BRD-MISSION-MGMT-SERVER.copy.shadow",
              "rp.BRD-NIRDA-APP-SRV.copy.shadow",
              "rp.BRD-NIRDA-DB-SRV.copy.shadow",
              "rp.BRD-REF-APP-PROD.copy.shadow",
              "rp.BRD-RIPPS APP TEST.copy.shadow",
              "rp.BRD-RIPPS-ON-WIN10.copy.shadow",
              "rp.BRD-RIPPS.bhr.local192.168.101.75.copy.shadow",
              "rp.BRD-T24-APP-PROD.copy.shadow",
              "rp.BRD-T24-DB-PROD.copy.shadow",
              "rp.BRD-TUGANE-APP-PROD.copy.shadow",
              "rp.BRD-TUGANE-DB.copy.shadow",
              "rp.BRD_REF-DB-PROD.copy.shadow",
              "rp.PROD-EBS-APPS.copy.shadow",
              "rp.PROD-EBS-DB.copy.shadow",
              "rp.QLANA-APP-SERVER.copy.shadow",
              "rp.QLANA-DB-Redis-Server.copy.shadow",
              "rp.QLANA-FILE-SERVER.copy.shadow",
              "rp.QLANA-SCHEDULER-SERVER.copy.shadow",
              "vCLS-105f03d2-4683-47b4-8e57-6b0ab95e9df0",
              "vCLS-6af38415-bfd2-436c-b11d-57763df51f2b",
              "vCLS-c7ee555e-2b80-403b-8e65-489434f75007",
              "vRPA-RP-1",
              "vRPA-RP-2"
            ]
          },
          "sensitive_attributes": [],
          "identity_schema_version": 0
        }
      ]
    },
    {
      "mode": "data",
      "type": "vsphere_datastore",
      "name": "ds",
      "provider": "provider[\"registry.terraform.io/hashicorp/vsphere\"]",
      "instances": [
        {
          "schema_version": 0,
          "attributes": {
            "datacenter_id": "datacenter-3",
            "id": "datastore-27",
            "name": "DR-V7KGEN1-DS3",
            "stats": {
              "capacity": "3298266447872",
              "free": "2970164920320"
            }
          },
          "sensitive_attributes": [],
          "identity_schema_version": 0
        }
      ]
    },
    {
      "mode": "data",
      "type": "vsphere_network",
      "name": "net",
      "provider": "provider[\"registry.terraform.io/hashicorp/vsphere\"]",
      "instances": [
        {
          "schema_version": 0,
          "attributes": {
            "datacenter_id": "datacenter-3",
            "distributed_virtual_switch_uuid": null,
            "filter": null,
            "id": "dvportgroup-280",
            "name": "DRS-Servers",
            "retry_interval": 500,
            "retry_timeout": 0,
            "type": "DistributedVirtualPortgroup"
          },
          "sensitive_attributes": [],
          "identity_schema_version": 0
        }
      ]
    },
    {
      "mode": "managed",
      "type": "null_resource",
      "name": "connect_iso",
      "provider": "provider[\"registry.terraform.io/hashicorp/null\"]",
      "instances": [
        {
          "index_key": "pr-k8s-cp-01",
          "status": "tainted",
          "schema_version": 0,
          "attributes": {
            "id": "1757063241736449966",
            "triggers": {
              "iso": "[DR-V7KGEN1-DS3] ISO/ubuntu-24.04.3-live-server-amd64.iso",
              "vm_name": "pr-k8s-cp-01"
            }
          },
          "sensitive_attributes": [],
          "identity_schema_version": 0,
          "dependencies": [
            "data.vsphere_compute_cluster.cluster",
            "data.vsphere_datacenter.dc",
            "data.vsphere_datastore.ds",
            "data.vsphere_network.net",
            "vsphere_virtual_machine.k8s"
          ]
        },
        {
          "index_key": "pr-k8s-cp-02",
          "status": "tainted",
          "schema_version": 0,
          "attributes": {
            "id": "6499357548303822575",
            "triggers": {
              "iso": "[DR-V7KGEN1-DS3] ISO/ubuntu-24.04.3-live-server-amd64.iso",
              "vm_name": "pr-k8s-cp-02"
            }
          },
          "sensitive_attributes": [],
          "identity_schema_version": 0,
          "dependencies": [
            "data.vsphere_compute_cluster.cluster",
            "data.vsphere_datacenter.dc",
            "data.vsphere_datastore.ds",
            "data.vsphere_network.net",
            "vsphere_virtual_machine.k8s"
          ]
        },
        {
          "index_key": "pr-k8s-cp-03",
          "status": "tainted",
          "schema_version": 0,
          "attributes": {
            "id": "4302337554817905765",
            "triggers": {
              "iso": "[DR-V7KGEN1-DS3] ISO/ubuntu-24.04.3-live-server-amd64.iso",
              "vm_name": "pr-k8s-cp-03"
            }
          },
          "sensitive_attributes": [],
          "identity_schema_version": 0,
          "dependencies": [
            "data.vsphere_compute_cluster.cluster",
            "data.vsphere_datacenter.dc",
            "data.vsphere_datastore.ds",
            "data.vsphere_network.net",
            "vsphere_virtual_machine.k8s"
          ]
        },
        {
          "index_key": "pr-k8s-wk-01",
          "status": "tainted",
          "schema_version": 0,
          "attributes": {
            "id": "3512421532142380279",
            "triggers": {
              "iso": "[DR-V7KGEN1-DS3] ISO/ubuntu-24.04.3-live-server-amd64.iso",
              "vm_name": "pr-k8s-wk-01"
            }
          },
          "sensitive_attributes": [],
          "identity_schema_version": 0,
          "dependencies": [
            "data.vsphere_compute_cluster.cluster",
            "data.vsphere_datacenter.dc",
            "data.vsphere_datastore.ds",
            "data.vsphere_network.net",
            "vsphere_virtual_machine.k8s"
          ]
        },
        {
          "index_key": "pr-k8s-wk-02",
          "status": "tainted",
          "schema_version": 0,
          "attributes": {
            "id": "6107797104797663316",
            "triggers": {
              "iso": "[DR-V7KGEN1-DS3] ISO/ubuntu-24.04.3-live-server-amd64.iso",
              "vm_name": "pr-k8s-wk-02"
            }
          },
          "sensitive_attributes": [],
          "identity_schema_version": 0,
          "dependencies": [
            "data.vsphere_compute_cluster.cluster",
            "data.vsphere_datacenter.dc",
            "data.vsphere_datastore.ds",
            "data.vsphere_network.net",
            "vsphere_virtual_machine.k8s"
          ]
        },
        {
          "index_key": "pr-k8s-wk-03",
          "status": "tainted",
          "schema_version": 0,
          "attributes": {
            "id": "3915479298886347678",
            "triggers": {
              "iso": "[DR-V7KGEN1-DS3] ISO/ubuntu-24.04.3-live-server-amd64.iso",
              "vm_name": "pr-k8s-wk-03"
            }
          },
          "sensitive_attributes": [],
          "identity_schema_version": 0,
          "dependencies": [
            "data.vsphere_compute_cluster.cluster",
            "data.vsphere_datacenter.dc",
            "data.vsphere_datastore.ds",
            "data.vsphere_network.net",
            "vsphere_virtual_machine.k8s"
          ]
        }
      ]
    },
    {
      "mode": "managed",
      "type": "vsphere_virtual_machine",
      "name": "k8s",
      "provider": "provider[\"registry.terraform.io/hashicorp/vsphere\"]",
      "instances": [
        {
          "index_key": "pr-k8s-cp-01",
          "schema_version": 3,
          "attributes": {
            "alternate_guest_name": "",
            "annotation": "Kubernetes VIP: 192.168.201.57. Node role: control",
            "boot_delay": 0,
            "boot_retry_delay": 10000,
            "boot_retry_enabled": true,
            "cdrom": [
              {
                "client_device": false,
                "datastore_id": "datastore-27",
                "device_address": "ide:0:0",
                "key": 3000,
                "path": "[DR-V7KGEN1-DS3] ISO/ubuntu-24.04.3-live-server-amd64.iso"
              }
            ],
            "change_version": "2026-01-11T21:31:38.618716Z",
            "clone": [],
            "cpu_hot_add_enabled": false,
            "cpu_hot_remove_enabled": false,
            "cpu_limit": -1,
            "cpu_performance_counters_enabled": false,
            "cpu_reservation": 0,
            "cpu_share_count": 3000,
            "cpu_share_level": "normal",
            "custom_attributes": {},
            "datacenter_id": null,
            "datastore_cluster_id": null,
            "datastore_id": "datastore-27",
            "default_ip_address": null,
            "disk": [
              {
                "attach": false,
                "controller_type": "scsi",
                "datastore_id": "datastore-27",
                "device_address": "scsi:0:0",
                "disk_mode": "persistent",
                "disk_sharing": "sharingNone",
                "eagerly_scrub": false,
                "io_limit": -1,
                "io_reservation": 0,
                "io_share_count": 1000,
                "io_share_level": "normal",
                "keep_on_remove": false,
                "key": 2000,
                "label": "disk0",
                "path": "pr-k8s-cp-01/pr-k8s-cp-01.vmdk",
                "size": 50,
                "storage_policy_id": "",
                "thin_provisioned": true,
                "unit_number": 0,
                "uuid": "6000C29d-22fd-8ea9-aa52-a17c3cb18e9a",
                "write_through": false
              }
            ],
            "efi_secure_boot_enabled": false,
            "enable_disk_uuid": true,
            "enable_logging": false,
            "ept_rvi_mode": "automatic",
            "extra_config": {
              "guestinfo.metadata": "aW5zdGFuY2UtaWQ6IHByLWs4cy1jcC0wMQpsb2NhbC1ob3N0bmFtZTogcHItazhzLWNwLTAxCgo=",
              "guestinfo.metadata.encoding": "base64",
              "guestinfo.userdata": "I2Nsb3VkLWNvbmZpZwphdXRvaW5zdGFsbDoKICB2ZXJzaW9uOiAxCiAgaWRlbnRpdHk6CiAgICBob3N0bmFtZTogcHItazhzLWNwLTAxCiAgICB1c2VybmFtZTogdWJ1bnR1CiAgICBwYXNzd29yZDogIiQ2JGlVTEVpWlg3YkhCRm4uNmckQklRbEQzbjBXci9WMHBTcllDNkl5dzlqd1E3cFJpbzI4TDlQNjV4eHhacE83cnNPMnllLmpvQm9EWHFQRjNweXhHb29QNlFsVm5UeDcxWmhYVVlVNjEiCgogIHNzaDoKICAgIGluc3RhbGwtc2VydmVyOiB0cnVlCiAgICBhbGxvdy1wdzogdHJ1ZQogICAgYXV0aG9yaXplZC1rZXlzOgogICAgICAtIHNzaC1lZDI1NTE5IEFBQUFDM056YUMxbFpESTFOVEU1QUFBQUlHekpGTGJPa2FrZzlrQ1plRVhCWHJNVmhiRzV2L2ZWNTUrNzNFU1pNZVc5IGJyZC1maWxlLXN2Yy0wMQoKICBsb2NhbGU6IGVuX1VTLlVURi04CiAga2V5Ym9hcmQ6CiAgICBsYXlvdXQ6IHVzCgogIG5ldHdvcms6CiAgICB2ZXJzaW9uOiAyCiAgICBldGhlcm5ldHM6CiAgICAgIG5pYzA6CiAgICAgICAgbWF0Y2g6CiAgICAgICAgICBuYW1lOiAiZSoiCiAgICAgICAgc2V0LW5hbWU6IGVuczE2MAogICAgICAgIGFkZHJlc3NlczoKICAgICAgICAgIC0gMTkyLjE2OC4yMDEuNTEvMjQKICAgICAgICBnYXRld2F5NDogMTkyLjE2OC4yMDEuMgogICAgICAgIG5hbWVzZXJ2ZXJzOgogICAgICAgICAgYWRkcmVzc2VzOiBbOC44LjguOCwgMS4xLjEuMV0KCiAgc3RvcmFnZToKICAgIGxheW91dDoKICAgICAgbmFtZTogZGlyZWN0CgogIHBhY2thZ2VzOgogICAgLSBvcGVuLXZtLXRvb2xzCiAgICAtIHFlbXUtZ3Vlc3QtYWdlbnQKICAgIC0gY2EtY2VydGlmaWNhdGVzCiAgICAtIGN1cmwKCiAgbGF0ZS1jb21tYW5kczoKICAgIC0gY3VydGluIGluLXRhcmdldCAtLXRhcmdldD0vdGFyZ2V0IC0tIGJhc2ggLWxjICJzd2Fwb2ZmIC1hICYmIHNlZCAtaS5iYWsgJy8gc3dhcCAvIHMvXi8jLycgL2V0Yy9mc3RhYiIKICAgIC0gY3VydGluIGluLXRhcmdldCAtLXRhcmdldD0vdGFyZ2V0IC0tIGJhc2ggLWxjICJjYXQgPi9ldGMvbW9kdWxlcy1sb2FkLmQvazhzLmNvbmYgPDxFT0YyCm92ZXJsYXkKYnJfbmV0ZmlsdGVyCkVPRjIiCiAgICAtIGN1cnRpbiBpbi10YXJnZXQgLS10YXJnZXQ9L3RhcmdldCAtLSBiYXNoIC1sYyAibW9kcHJvYmUgb3ZlcmxheSAmJiBtb2Rwcm9iZSBicl9uZXRmaWx0ZXIiCiAgICAtIGN1cnRpbiBpbi10YXJnZXQgLS10YXJnZXQ9L3RhcmdldCAtLSBiYXNoIC1sYyAiY2F0ID4vZXRjL3N5c2N0bC5kL2s4cy5jb25mIDw8RU9GMgpuZXQuYnJpZGdlLmJyaWRnZS1uZi1jYWxsLWlwdGFibGVzICA9IDEKbmV0LmJyaWRnZS5icmlkZ2UtbmYtY2FsbC1pcDZ0YWJsZXMgPSAxCm5ldC5pcHY0LmlwX2ZvcndhcmQgICAgICAgICAgICAgICAgID0gMQpFT0YyIgogICAgLSBjdXJ0aW4gaW4tdGFyZ2V0IC0tdGFyZ2V0PS90YXJnZXQgLS0gYmFzaCAtbGMgInN5c2N0bCAtLXN5c3RlbSIKCg==",
              "guestinfo.userdata.encoding": "base64"
            },
            "extra_config_reboot_required": true,
            "firmware": "bios",
            "folder": "k8s",
            "force_power_off": true,
            "guest_id": "ubuntu64Guest",
            "guest_ip_addresses": [],
            "hardware_version": 19,
            "host_system_id": "host-14",
            "hv_mode": "hvAuto",
            "id": "4205cd40-e5f2-f94c-82d9-9ceb97fc5aad",
            "ide_controller_count": 2,
            "ignored_guest_ips": null,
            "imported": null,
            "latency_sensitivity": "normal",
            "memory": 8192,
            "memory_hot_add_enabled": false,
            "memory_limit": -1,
            "memory_reservation": 0,
            "memory_reservation_locked_to_max": false,
            "memory_share_count": 81920,
            "memory_share_level": "normal",
            "migrate_wait_timeout": 30,
            "moid": "vm-7087",
            "name": "pr-k8s-cp-01",
            "nested_hv_enabled": false,
            "network_interface": [
              {
                "adapter_type": "vmxnet3",
                "bandwidth_limit": -1,
                "bandwidth_reservation": 0,
                "bandwidth_share_count": 50,
                "bandwidth_share_level": "normal",
                "device_address": "pci:0:7",
                "key": 4000,
                "mac_address": "00:50:56:85:92:6f",
                "network_id": "dvportgroup-280",
                "ovf_mapping": "",
                "physical_function": "",
                "use_static_mac": false
              }
            ],
            "num_cores_per_socket": 1,
            "num_cpus": 3,
            "nvme_controller_count": 0,
            "ovf_deploy": [],
            "pci_device_id": [],
            "power_state": "on",
            "poweron_timeout": 300,
            "reboot_required": false,
            "replace_trigger": null,
            "resource_pool_id": "resgroup-9",
            "run_tools_scripts_after_power_on": true,
            "run_tools_scripts_after_resume": true,
            "run_tools_scripts_before_guest_reboot": false,
            "run_tools_scripts_before_guest_shutdown": true,
            "run_tools_scripts_before_guest_standby": true,
            "sata_controller_count": 0,
            "scsi_bus_sharing": "noSharing",
            "scsi_controller_count": 1,
            "scsi_type": "pvscsi",
            "shutdown_wait_timeout": 3,
            "storage_policy_id": "",
            "swap_placement_policy": "inherit",
            "sync_time_with_host": true,
            "sync_time_with_host_periodically": false,
            "tags": [],
            "tools_upgrade_policy": "manual",
            "uuid": "4205cd40-e5f2-f94c-82d9-9ceb97fc5aad",
            "vapp": [],
            "vapp_transport": [],
            "vbs_enabled": false,
            "vmware_tools_status": "guestToolsNotRunning",
            "vmx_path": "pr-k8s-cp-01/pr-k8s-cp-01.vmx",
            "vtpm": [],
            "vvtd_enabled": false,
            "wait_for_guest_ip_timeout": 0,
            "wait_for_guest_net_routable": true,
            "wait_for_guest_net_timeout": 0
          },
          "sensitive_attributes": [
            [
              {
                "type": "get_attr",
                "value": "extra_config"
              },
              {
                "type": "index",
                "value": {
                  "value": "guestinfo.userdata",
                  "type": "string"
                }
              }
            ]
          ],
          "identity_schema_version": 0,
          "private": "eyJzY2hlbWFfdmVyc2lvbiI6IjMifQ==",
          "dependencies": [
            "data.vsphere_compute_cluster.cluster",
            "data.vsphere_datacenter.dc",
            "data.vsphere_datastore.ds",
            "data.vsphere_network.net"
          ]
        },
        {
          "index_key": "pr-k8s-cp-02",
          "schema_version": 3,
          "attributes": {
            "alternate_guest_name": "",
            "annotation": "Kubernetes VIP: 192.168.201.57. Node role: control",
            "boot_delay": 0,
            "boot_retry_delay": 10000,
            "boot_retry_enabled": true,
            "cdrom": [
              {
                "client_device": false,
                "datastore_id": "datastore-27",
                "device_address": "ide:0:0",
                "key": 3000,
                "path": "[DR-V7KGEN1-DS3] ISO/ubuntu-24.04.3-live-server-amd64.iso"
              }
            ],
            "change_version": "2026-01-11T21:31:38.611925Z",
            "clone": [],
            "cpu_hot_add_enabled": false,
            "cpu_hot_remove_enabled": false,
            "cpu_limit": -1,
            "cpu_performance_counters_enabled": false,
            "cpu_reservation": 0,
            "cpu_share_count": 3000,
            "cpu_share_level": "normal",
            "custom_attributes": {},
            "datacenter_id": null,
            "datastore_cluster_id": null,
            "datastore_id": "datastore-27",
            "default_ip_address": null,
            "disk": [
              {
                "attach": false,
                "controller_type": "scsi",
                "datastore_id": "datastore-27",
                "device_address": "scsi:0:0",
                "disk_mode": "persistent",
                "disk_sharing": "sharingNone",
                "eagerly_scrub": false,
                "io_limit": -1,
                "io_reservation": 0,
                "io_share_count": 1000,
                "io_share_level": "normal",
                "keep_on_remove": false,
                "key": 2000,
                "label": "disk0",
                "path": "pr-k8s-cp-02/pr-k8s-cp-02.vmdk",
                "size": 50,
                "storage_policy_id": "",
                "thin_provisioned": true,
                "unit_number": 0,
                "uuid": "6000C298-acc9-e895-0361-6e1d64a4cd18",
                "write_through": false
              }
            ],
            "efi_secure_boot_enabled": false,
            "enable_disk_uuid": true,
            "enable_logging": false,
            "ept_rvi_mode": "automatic",
            "extra_config": {
              "guestinfo.metadata": "aW5zdGFuY2UtaWQ6IHByLWs4cy1jcC0wMgpsb2NhbC1ob3N0bmFtZTogcHItazhzLWNwLTAyCgo=",
              "guestinfo.metadata.encoding": "base64",
              "guestinfo.userdata": "I2Nsb3VkLWNvbmZpZwphdXRvaW5zdGFsbDoKICB2ZXJzaW9uOiAxCiAgaWRlbnRpdHk6CiAgICBob3N0bmFtZTogcHItazhzLWNwLTAyCiAgICB1c2VybmFtZTogdWJ1bnR1CiAgICBwYXNzd29yZDogIiQ2JGlVTEVpWlg3YkhCRm4uNmckQklRbEQzbjBXci9WMHBTcllDNkl5dzlqd1E3cFJpbzI4TDlQNjV4eHhacE83cnNPMnllLmpvQm9EWHFQRjNweXhHb29QNlFsVm5UeDcxWmhYVVlVNjEiCgogIHNzaDoKICAgIGluc3RhbGwtc2VydmVyOiB0cnVlCiAgICBhbGxvdy1wdzogdHJ1ZQogICAgYXV0aG9yaXplZC1rZXlzOgogICAgICAtIHNzaC1lZDI1NTE5IEFBQUFDM056YUMxbFpESTFOVEU1QUFBQUlHekpGTGJPa2FrZzlrQ1plRVhCWHJNVmhiRzV2L2ZWNTUrNzNFU1pNZVc5IGJyZC1maWxlLXN2Yy0wMQoKICBsb2NhbGU6IGVuX1VTLlVURi04CiAga2V5Ym9hcmQ6CiAgICBsYXlvdXQ6IHVzCgogIG5ldHdvcms6CiAgICB2ZXJzaW9uOiAyCiAgICBldGhlcm5ldHM6CiAgICAgIG5pYzA6CiAgICAgICAgbWF0Y2g6CiAgICAgICAgICBuYW1lOiAiZSoiCiAgICAgICAgc2V0LW5hbWU6IGVuczE2MAogICAgICAgIGFkZHJlc3NlczoKICAgICAgICAgIC0gMTkyLjE2OC4yMDEuNTIvMjQKICAgICAgICBnYXRld2F5NDogMTkyLjE2OC4yMDEuMgogICAgICAgIG5hbWVzZXJ2ZXJzOgogICAgICAgICAgYWRkcmVzc2VzOiBbOC44LjguOCwgMS4xLjEuMV0KCiAgc3RvcmFnZToKICAgIGxheW91dDoKICAgICAgbmFtZTogZGlyZWN0CgogIHBhY2thZ2VzOgogICAgLSBvcGVuLXZtLXRvb2xzCiAgICAtIHFlbXUtZ3Vlc3QtYWdlbnQKICAgIC0gY2EtY2VydGlmaWNhdGVzCiAgICAtIGN1cmwKCiAgbGF0ZS1jb21tYW5kczoKICAgIC0gY3VydGluIGluLXRhcmdldCAtLXRhcmdldD0vdGFyZ2V0IC0tIGJhc2ggLWxjICJzd2Fwb2ZmIC1hICYmIHNlZCAtaS5iYWsgJy8gc3dhcCAvIHMvXi8jLycgL2V0Yy9mc3RhYiIKICAgIC0gY3VydGluIGluLXRhcmdldCAtLXRhcmdldD0vdGFyZ2V0IC0tIGJhc2ggLWxjICJjYXQgPi9ldGMvbW9kdWxlcy1sb2FkLmQvazhzLmNvbmYgPDxFT0YyCm92ZXJsYXkKYnJfbmV0ZmlsdGVyCkVPRjIiCiAgICAtIGN1cnRpbiBpbi10YXJnZXQgLS10YXJnZXQ9L3RhcmdldCAtLSBiYXNoIC1sYyAibW9kcHJvYmUgb3ZlcmxheSAmJiBtb2Rwcm9iZSBicl9uZXRmaWx0ZXIiCiAgICAtIGN1cnRpbiBpbi10YXJnZXQgLS10YXJnZXQ9L3RhcmdldCAtLSBiYXNoIC1sYyAiY2F0ID4vZXRjL3N5c2N0bC5kL2s4cy5jb25mIDw8RU9GMgpuZXQuYnJpZGdlLmJyaWRnZS1uZi1jYWxsLWlwdGFibGVzICA9IDEKbmV0LmJyaWRnZS5icmlkZ2UtbmYtY2FsbC1pcDZ0YWJsZXMgPSAxCm5ldC5pcHY0LmlwX2ZvcndhcmQgICAgICAgICAgICAgICAgID0gMQpFT0YyIgogICAgLSBjdXJ0aW4gaW4tdGFyZ2V0IC0tdGFyZ2V0PS90YXJnZXQgLS0gYmFzaCAtbGMgInN5c2N0bCAtLXN5c3RlbSIKCg==",
              "guestinfo.userdata.encoding": "base64"
            },
            "extra_config_reboot_required": true,
            "firmware": "bios",
            "folder": "k8s",
            "force_power_off": true,
            "guest_id": "ubuntu64Guest",
            "guest_ip_addresses": [],
            "hardware_version": 19,
            "host_system_id": "host-14",
            "hv_mode": "hvAuto",
            "id": "4205667c-a16f-b225-c6c2-e1c6156c1e54",
            "ide_controller_count": 2,
            "ignored_guest_ips": null,
            "imported": null,
            "latency_sensitivity": "normal",
            "memory": 8192,
            "memory_hot_add_enabled": false,
            "memory_limit": -1,
            "memory_reservation": 0,
            "memory_reservation_locked_to_max": false,
            "memory_share_count": 81920,
            "memory_share_level": "normal",
            "migrate_wait_timeout": 30,
            "moid": "vm-7088",
            "name": "pr-k8s-cp-02",
            "nested_hv_enabled": false,
            "network_interface": [
              {
                "adapter_type": "vmxnet3",
                "bandwidth_limit": -1,
                "bandwidth_reservation": 0,
                "bandwidth_share_count": 50,
                "bandwidth_share_level": "normal",
                "device_address": "pci:0:7",
                "key": 4000,
                "mac_address": "00:50:56:85:d4:5b",
                "network_id": "dvportgroup-280",
                "ovf_mapping": "",
                "physical_function": "",
                "use_static_mac": false
              }
            ],
            "num_cores_per_socket": 1,
            "num_cpus": 3,
            "nvme_controller_count": 0,
            "ovf_deploy": [],
            "pci_device_id": [],
            "power_state": "on",
            "poweron_timeout": 300,
            "reboot_required": false,
            "replace_trigger": null,
            "resource_pool_id": "resgroup-9",
            "run_tools_scripts_after_power_on": true,
            "run_tools_scripts_after_resume": true,
            "run_tools_scripts_before_guest_reboot": false,
            "run_tools_scripts_before_guest_shutdown": true,
            "run_tools_scripts_before_guest_standby": true,
            "sata_controller_count": 0,
            "scsi_bus_sharing": "noSharing",
            "scsi_controller_count": 1,
            "scsi_type": "pvscsi",
            "shutdown_wait_timeout": 3,
            "storage_policy_id": "",
            "swap_placement_policy": "inherit",
            "sync_time_with_host": true,
            "sync_time_with_host_periodically": false,
            "tags": [],
            "tools_upgrade_policy": "manual",
            "uuid": "4205667c-a16f-b225-c6c2-e1c6156c1e54",
            "vapp": [],
            "vapp_transport": [],
            "vbs_enabled": false,
            "vmware_tools_status": "guestToolsNotRunning",
            "vmx_path": "pr-k8s-cp-02/pr-k8s-cp-02.vmx",
            "vtpm": [],
            "vvtd_enabled": false,
            "wait_for_guest_ip_timeout": 0,
            "wait_for_guest_net_routable": true,
            "wait_for_guest_net_timeout": 0
          },
          "sensitive_attributes": [
            [
              {
                "type": "get_attr",
                "value": "extra_config"
              },
              {
                "type": "index",
                "value": {
                  "value": "guestinfo.userdata",
                  "type": "string"
                }
              }
            ]
          ],
          "identity_schema_version": 0,
          "private": "eyJzY2hlbWFfdmVyc2lvbiI6IjMifQ==",
          "dependencies": [
            "data.vsphere_compute_cluster.cluster",
            "data.vsphere_datacenter.dc",
            "data.vsphere_datastore.ds",
            "data.vsphere_network.net"
          ]
        },
        {
          "index_key": "pr-k8s-cp-03",
          "schema_version": 3,
          "attributes": {
            "alternate_guest_name": "",
            "annotation": "Kubernetes VIP: 192.168.201.57. Node role: control",
            "boot_delay": 0,
            "boot_retry_delay": 10000,
            "boot_retry_enabled": true,
            "cdrom": [
              {
                "client_device": false,
                "datastore_id": "datastore-27",
                "device_address": "ide:0:0",
                "key": 3000,
                "path": "[DR-V7KGEN1-DS3] ISO/ubuntu-24.04.3-live-server-amd64.iso"
              }
            ],
            "change_version": "2026-01-11T21:31:38.459911Z",
            "clone": [],
            "cpu_hot_add_enabled": false,
            "cpu_hot_remove_enabled": false,
            "cpu_limit": -1,
            "cpu_performance_counters_enabled": false,
            "cpu_reservation": 0,
            "cpu_share_count": 3000,
            "cpu_share_level": "normal",
            "custom_attributes": {},
            "datacenter_id": null,
            "datastore_cluster_id": null,
            "datastore_id": "datastore-27",
            "default_ip_address": null,
            "disk": [
              {
                "attach": false,
                "controller_type": "scsi",
                "datastore_id": "datastore-27",
                "device_address": "scsi:0:0",
                "disk_mode": "persistent",
                "disk_sharing": "sharingNone",
                "eagerly_scrub": false,
                "io_limit": -1,
                "io_reservation": 0,
                "io_share_count": 1000,
                "io_share_level": "normal",
                "keep_on_remove": false,
                "key": 2000,
                "label": "disk0",
                "path": "pr-k8s-cp-03/pr-k8s-cp-03.vmdk",
                "size": 50,
                "storage_policy_id": "",
                "thin_provisioned": true,
                "unit_number": 0,
                "uuid": "6000C298-a24a-a0e2-8e63-f20517eb7c13",
                "write_through": false
              }
            ],
            "efi_secure_boot_enabled": false,
            "enable_disk_uuid": true,
            "enable_logging": false,
            "ept_rvi_mode": "automatic",
            "extra_config": {
              "guestinfo.metadata": "aW5zdGFuY2UtaWQ6IHByLWs4cy1jcC0wMwpsb2NhbC1ob3N0bmFtZTogcHItazhzLWNwLTAzCgo=",
              "guestinfo.metadata.encoding": "base64",
              "guestinfo.userdata": "I2Nsb3VkLWNvbmZpZwphdXRvaW5zdGFsbDoKICB2ZXJzaW9uOiAxCiAgaWRlbnRpdHk6CiAgICBob3N0bmFtZTogcHItazhzLWNwLTAzCiAgICB1c2VybmFtZTogdWJ1bnR1CiAgICBwYXNzd29yZDogIiQ2JGlVTEVpWlg3YkhCRm4uNmckQklRbEQzbjBXci9WMHBTcllDNkl5dzlqd1E3cFJpbzI4TDlQNjV4eHhacE83cnNPMnllLmpvQm9EWHFQRjNweXhHb29QNlFsVm5UeDcxWmhYVVlVNjEiCgogIHNzaDoKICAgIGluc3RhbGwtc2VydmVyOiB0cnVlCiAgICBhbGxvdy1wdzogdHJ1ZQogICAgYXV0aG9yaXplZC1rZXlzOgogICAgICAtIHNzaC1lZDI1NTE5IEFBQUFDM056YUMxbFpESTFOVEU1QUFBQUlHekpGTGJPa2FrZzlrQ1plRVhCWHJNVmhiRzV2L2ZWNTUrNzNFU1pNZVc5IGJyZC1maWxlLXN2Yy0wMQoKICBsb2NhbGU6IGVuX1VTLlVURi04CiAga2V5Ym9hcmQ6CiAgICBsYXlvdXQ6IHVzCgogIG5ldHdvcms6CiAgICB2ZXJzaW9uOiAyCiAgICBldGhlcm5ldHM6CiAgICAgIG5pYzA6CiAgICAgICAgbWF0Y2g6CiAgICAgICAgICBuYW1lOiAiZSoiCiAgICAgICAgc2V0LW5hbWU6IGVuczE2MAogICAgICAgIGFkZHJlc3NlczoKICAgICAgICAgIC0gMTkyLjE2OC4yMDEuNTMvMjQKICAgICAgICBnYXRld2F5NDogMTkyLjE2OC4yMDEuMgogICAgICAgIG5hbWVzZXJ2ZXJzOgogICAgICAgICAgYWRkcmVzc2VzOiBbOC44LjguOCwgMS4xLjEuMV0KCiAgc3RvcmFnZToKICAgIGxheW91dDoKICAgICAgbmFtZTogZGlyZWN0CgogIHBhY2thZ2VzOgogICAgLSBvcGVuLXZtLXRvb2xzCiAgICAtIHFlbXUtZ3Vlc3QtYWdlbnQKICAgIC0gY2EtY2VydGlmaWNhdGVzCiAgICAtIGN1cmwKCiAgbGF0ZS1jb21tYW5kczoKICAgIC0gY3VydGluIGluLXRhcmdldCAtLXRhcmdldD0vdGFyZ2V0IC0tIGJhc2ggLWxjICJzd2Fwb2ZmIC1hICYmIHNlZCAtaS5iYWsgJy8gc3dhcCAvIHMvXi8jLycgL2V0Yy9mc3RhYiIKICAgIC0gY3VydGluIGluLXRhcmdldCAtLXRhcmdldD0vdGFyZ2V0IC0tIGJhc2ggLWxjICJjYXQgPi9ldGMvbW9kdWxlcy1sb2FkLmQvazhzLmNvbmYgPDxFT0YyCm92ZXJsYXkKYnJfbmV0ZmlsdGVyCkVPRjIiCiAgICAtIGN1cnRpbiBpbi10YXJnZXQgLS10YXJnZXQ9L3RhcmdldCAtLSBiYXNoIC1sYyAibW9kcHJvYmUgb3ZlcmxheSAmJiBtb2Rwcm9iZSBicl9uZXRmaWx0ZXIiCiAgICAtIGN1cnRpbiBpbi10YXJnZXQgLS10YXJnZXQ9L3RhcmdldCAtLSBiYXNoIC1sYyAiY2F0ID4vZXRjL3N5c2N0bC5kL2s4cy5jb25mIDw8RU9GMgpuZXQuYnJpZGdlLmJyaWRnZS1uZi1jYWxsLWlwdGFibGVzICA9IDEKbmV0LmJyaWRnZS5icmlkZ2UtbmYtY2FsbC1pcDZ0YWJsZXMgPSAxCm5ldC5pcHY0LmlwX2ZvcndhcmQgICAgICAgICAgICAgICAgID0gMQpFT0YyIgogICAgLSBjdXJ0aW4gaW4tdGFyZ2V0IC0tdGFyZ2V0PS90YXJnZXQgLS0gYmFzaCAtbGMgInN5c2N0bCAtLXN5c3RlbSIKCg==",
              "guestinfo.userdata.encoding": "base64"
            },
            "extra_config_reboot_required": true,
            "firmware": "bios",
            "folder": "k8s",
            "force_power_off": true,
            "guest_id": "ubuntu64Guest",
            "guest_ip_addresses": [],
            "hardware_version": 19,
            "host_system_id": "host-20",
            "hv_mode": "hvAuto",
            "id": "42051ec3-ee1a-7e30-3c9c-864e43aaa458",
            "ide_controller_count": 2,
            "ignored_guest_ips": null,
            "imported": null,
            "latency_sensitivity": "normal",
            "memory": 8192,
            "memory_hot_add_enabled": false,
            "memory_limit": -1,
            "memory_reservation": 0,
            "memory_reservation_locked_to_max": false,
            "memory_share_count": 81920,
            "memory_share_level": "normal",
            "migrate_wait_timeout": 30,
            "moid": "vm-7083",
            "name": "pr-k8s-cp-03",
            "nested_hv_enabled": false,
            "network_interface": [
              {
                "adapter_type": "vmxnet3",
                "bandwidth_limit": -1,
                "bandwidth_reservation": 0,
                "bandwidth_share_count": 50,
                "bandwidth_share_level": "normal",
                "device_address": "pci:0:7",
                "key": 4000,
                "mac_address": "00:50:56:85:6f:4a",
                "network_id": "dvportgroup-280",
                "ovf_mapping": "",
                "physical_function": "",
                "use_static_mac": false
              }
            ],
            "num_cores_per_socket": 1,
            "num_cpus": 3,
            "nvme_controller_count": 0,
            "ovf_deploy": [],
            "pci_device_id": [],
            "power_state": "on",
            "poweron_timeout": 300,
            "reboot_required": false,
            "replace_trigger": null,
            "resource_pool_id": "resgroup-9",
            "run_tools_scripts_after_power_on": true,
            "run_tools_scripts_after_resume": true,
            "run_tools_scripts_before_guest_reboot": false,
            "run_tools_scripts_before_guest_shutdown": true,
            "run_tools_scripts_before_guest_standby": true,
            "sata_controller_count": 0,
            "scsi_bus_sharing": "noSharing",
            "scsi_controller_count": 1,
            "scsi_type": "pvscsi",
            "shutdown_wait_timeout": 3,
            "storage_policy_id": "",
            "swap_placement_policy": "inherit",
            "sync_time_with_host": true,
            "sync_time_with_host_periodically": false,
            "tags": [],
            "tools_upgrade_policy": "manual",
            "uuid": "42051ec3-ee1a-7e30-3c9c-864e43aaa458",
            "vapp": [],
            "vapp_transport": [],
            "vbs_enabled": false,
            "vmware_tools_status": "guestToolsNotRunning",
            "vmx_path": "pr-k8s-cp-03/pr-k8s-cp-03.vmx",
            "vtpm": [],
            "vvtd_enabled": false,
            "wait_for_guest_ip_timeout": 0,
            "wait_for_guest_net_routable": true,
            "wait_for_guest_net_timeout": 0
          },
          "sensitive_attributes": [
            [
              {
                "type": "get_attr",
                "value": "extra_config"
              },
              {
                "type": "index",
                "value": {
                  "value": "guestinfo.userdata",
                  "type": "string"
                }
              }
            ]
          ],
          "identity_schema_version": 0,
          "private": "eyJzY2hlbWFfdmVyc2lvbiI6IjMifQ==",
          "dependencies": [
            "data.vsphere_compute_cluster.cluster",
            "data.vsphere_datacenter.dc",
            "data.vsphere_datastore.ds",
            "data.vsphere_network.net"
          ]
        },
        {
          "index_key": "pr-k8s-wk-01",
          "schema_version": 3,
          "attributes": {
            "alternate_guest_name": "",
            "annotation": "Kubernetes VIP: 192.168.201.57. Node role: worker",
            "boot_delay": 0,
            "boot_retry_delay": 10000,
            "boot_retry_enabled": true,
            "cdrom": [
              {
                "client_device": false,
                "datastore_id": "datastore-27",
                "device_address": "ide:0:0",
                "key": 3000,
                "path": "[DR-V7KGEN1-DS3] ISO/ubuntu-24.04.3-live-server-amd64.iso"
              }
            ],
            "change_version": "2026-01-11T21:31:38.481723Z",
            "clone": [],
            "cpu_hot_add_enabled": false,
            "cpu_hot_remove_enabled": false,
            "cpu_limit": -1,
            "cpu_performance_counters_enabled": false,
            "cpu_reservation": 0,
            "cpu_share_count": 3000,
            "cpu_share_level": "normal",
            "custom_attributes": {},
            "datacenter_id": null,
            "datastore_cluster_id": null,
            "datastore_id": "datastore-27",
            "default_ip_address": null,
            "disk": [
              {
                "attach": false,
                "controller_type": "scsi",
                "datastore_id": "datastore-27",
                "device_address": "scsi:0:0",
                "disk_mode": "persistent",
                "disk_sharing": "sharingNone",
                "eagerly_scrub": false,
                "io_limit": -1,
                "io_reservation": 0,
                "io_share_count": 1000,
                "io_share_level": "normal",
                "keep_on_remove": false,
                "key": 2000,
                "label": "disk0",
                "path": "pr-k8s-wk-01/pr-k8s-wk-01.vmdk",
                "size": 80,
                "storage_policy_id": "",
                "thin_provisioned": true,
                "unit_number": 0,
                "uuid": "6000C29a-9e75-bb11-7a8c-d78f6f977ece",
                "write_through": false
              }
            ],
            "efi_secure_boot_enabled": false,
            "enable_disk_uuid": true,
            "enable_logging": false,
            "ept_rvi_mode": "automatic",
            "extra_config": {
              "guestinfo.metadata": "aW5zdGFuY2UtaWQ6IHByLWs4cy13ay0wMQpsb2NhbC1ob3N0bmFtZTogcHItazhzLXdrLTAxCgo=",
              "guestinfo.metadata.encoding": "base64",
              "guestinfo.userdata": "I2Nsb3VkLWNvbmZpZwphdXRvaW5zdGFsbDoKICB2ZXJzaW9uOiAxCiAgaWRlbnRpdHk6CiAgICBob3N0bmFtZTogcHItazhzLXdrLTAxCiAgICB1c2VybmFtZTogdWJ1bnR1CiAgICBwYXNzd29yZDogIiQ2JGlVTEVpWlg3YkhCRm4uNmckQklRbEQzbjBXci9WMHBTcllDNkl5dzlqd1E3cFJpbzI4TDlQNjV4eHhacE83cnNPMnllLmpvQm9EWHFQRjNweXhHb29QNlFsVm5UeDcxWmhYVVlVNjEiCgogIHNzaDoKICAgIGluc3RhbGwtc2VydmVyOiB0cnVlCiAgICBhbGxvdy1wdzogdHJ1ZQogICAgYXV0aG9yaXplZC1rZXlzOgogICAgICAtIHNzaC1lZDI1NTE5IEFBQUFDM056YUMxbFpESTFOVEU1QUFBQUlHekpGTGJPa2FrZzlrQ1plRVhCWHJNVmhiRzV2L2ZWNTUrNzNFU1pNZVc5IGJyZC1maWxlLXN2Yy0wMQoKICBsb2NhbGU6IGVuX1VTLlVURi04CiAga2V5Ym9hcmQ6CiAgICBsYXlvdXQ6IHVzCgogIG5ldHdvcms6CiAgICB2ZXJzaW9uOiAyCiAgICBldGhlcm5ldHM6CiAgICAgIG5pYzA6CiAgICAgICAgbWF0Y2g6CiAgICAgICAgICBuYW1lOiAiZSoiCiAgICAgICAgc2V0LW5hbWU6IGVuczE2MAogICAgICAgIGFkZHJlc3NlczoKICAgICAgICAgIC0gMTkyLjE2OC4yMDEuNTQvMjQKICAgICAgICBnYXRld2F5NDogMTkyLjE2OC4yMDEuMgogICAgICAgIG5hbWVzZXJ2ZXJzOgogICAgICAgICAgYWRkcmVzc2VzOiBbOC44LjguOCwgMS4xLjEuMV0KCiAgc3RvcmFnZToKICAgIGxheW91dDoKICAgICAgbmFtZTogZGlyZWN0CgogIHBhY2thZ2VzOgogICAgLSBvcGVuLXZtLXRvb2xzCiAgICAtIHFlbXUtZ3Vlc3QtYWdlbnQKICAgIC0gY2EtY2VydGlmaWNhdGVzCiAgICAtIGN1cmwKCiAgbGF0ZS1jb21tYW5kczoKICAgIC0gY3VydGluIGluLXRhcmdldCAtLXRhcmdldD0vdGFyZ2V0IC0tIGJhc2ggLWxjICJzd2Fwb2ZmIC1hICYmIHNlZCAtaS5iYWsgJy8gc3dhcCAvIHMvXi8jLycgL2V0Yy9mc3RhYiIKICAgIC0gY3VydGluIGluLXRhcmdldCAtLXRhcmdldD0vdGFyZ2V0IC0tIGJhc2ggLWxjICJjYXQgPi9ldGMvbW9kdWxlcy1sb2FkLmQvazhzLmNvbmYgPDxFT0YyCm92ZXJsYXkKYnJfbmV0ZmlsdGVyCkVPRjIiCiAgICAtIGN1cnRpbiBpbi10YXJnZXQgLS10YXJnZXQ9L3RhcmdldCAtLSBiYXNoIC1sYyAibW9kcHJvYmUgb3ZlcmxheSAmJiBtb2Rwcm9iZSBicl9uZXRmaWx0ZXIiCiAgICAtIGN1cnRpbiBpbi10YXJnZXQgLS10YXJnZXQ9L3RhcmdldCAtLSBiYXNoIC1sYyAiY2F0ID4vZXRjL3N5c2N0bC5kL2s4cy5jb25mIDw8RU9GMgpuZXQuYnJpZGdlLmJyaWRnZS1uZi1jYWxsLWlwdGFibGVzICA9IDEKbmV0LmJyaWRnZS5icmlkZ2UtbmYtY2FsbC1pcDZ0YWJsZXMgPSAxCm5ldC5pcHY0LmlwX2ZvcndhcmQgICAgICAgICAgICAgICAgID0gMQpFT0YyIgogICAgLSBjdXJ0aW4gaW4tdGFyZ2V0IC0tdGFyZ2V0PS90YXJnZXQgLS0gYmFzaCAtbGMgInN5c2N0bCAtLXN5c3RlbSIKCg==",
              "guestinfo.userdata.encoding": "base64"
            },
            "extra_config_reboot_required": true,
            "firmware": "bios",
            "folder": "k8s",
            "force_power_off": true,
            "guest_id": "ubuntu64Guest",
            "guest_ip_addresses": [],
            "hardware_version": 19,
            "host_system_id": "host-17",
            "hv_mode": "hvAuto",
            "id": "42056674-19ff-d601-f69a-a2bf7bf2b224",
            "ide_controller_count": 2,
            "ignored_guest_ips": null,
            "imported": null,
            "latency_sensitivity": "normal",
            "memory": 8192,
            "memory_hot_add_enabled": false,
            "memory_limit": -1,
            "memory_reservation": 0,
            "memory_reservation_locked_to_max": false,
            "memory_share_count": 81920,
            "memory_share_level": "normal",
            "migrate_wait_timeout": 30,
            "moid": "vm-7085",
            "name": "pr-k8s-wk-01",
            "nested_hv_enabled": false,
            "network_interface": [
              {
                "adapter_type": "vmxnet3",
                "bandwidth_limit": -1,
                "bandwidth_reservation": 0,
                "bandwidth_share_count": 50,
                "bandwidth_share_level": "normal",
                "device_address": "pci:0:7",
                "key": 4000,
                "mac_address": "00:50:56:85:17:dd",
                "network_id": "dvportgroup-280",
                "ovf_mapping": "",
                "physical_function": "",
                "use_static_mac": false
              }
            ],
            "num_cores_per_socket": 1,
            "num_cpus": 3,
            "nvme_controller_count": 0,
            "ovf_deploy": [],
            "pci_device_id": [],
            "power_state": "on",
            "poweron_timeout": 300,
            "reboot_required": false,
            "replace_trigger": null,
            "resource_pool_id": "resgroup-9",
            "run_tools_scripts_after_power_on": true,
            "run_tools_scripts_after_resume": true,
            "run_tools_scripts_before_guest_reboot": false,
            "run_tools_scripts_before_guest_shutdown": true,
            "run_tools_scripts_before_guest_standby": true,
            "sata_controller_count": 0,
            "scsi_bus_sharing": "noSharing",
            "scsi_controller_count": 1,
            "scsi_type": "pvscsi",
            "shutdown_wait_timeout": 3,
            "storage_policy_id": "",
            "swap_placement_policy": "inherit",
            "sync_time_with_host": true,
            "sync_time_with_host_periodically": false,
            "tags": [],
            "tools_upgrade_policy": "manual",
            "uuid": "42056674-19ff-d601-f69a-a2bf7bf2b224",
            "vapp": [],
            "vapp_transport": [],
            "vbs_enabled": false,
            "vmware_tools_status": "guestToolsNotRunning",
            "vmx_path": "pr-k8s-wk-01/pr-k8s-wk-01.vmx",
            "vtpm": [],
            "vvtd_enabled": false,
            "wait_for_guest_ip_timeout": 0,
            "wait_for_guest_net_routable": true,
            "wait_for_guest_net_timeout": 0
          },
          "sensitive_attributes": [
            [
              {
                "type": "get_attr",
                "value": "extra_config"
              },
              {
                "type": "index",
                "value": {
                  "value": "guestinfo.userdata",
                  "type": "string"
                }
              }
            ]
          ],
          "identity_schema_version": 0,
          "private": "eyJzY2hlbWFfdmVyc2lvbiI6IjMifQ==",
          "dependencies": [
            "data.vsphere_compute_cluster.cluster",
            "data.vsphere_datacenter.dc",
            "data.vsphere_datastore.ds",
            "data.vsphere_network.net"
          ]
        },
        {
          "index_key": "pr-k8s-wk-02",
          "schema_version": 3,
          "attributes": {
            "alternate_guest_name": "",
            "annotation": "Kubernetes VIP: 192.168.201.57. Node role: worker",
            "boot_delay": 0,
            "boot_retry_delay": 10000,
            "boot_retry_enabled": true,
            "cdrom": [
              {
                "client_device": false,
                "datastore_id": "datastore-27",
                "device_address": "ide:0:0",
                "key": 3000,
                "path": "[DR-V7KGEN1-DS3] ISO/ubuntu-24.04.3-live-server-amd64.iso"
              }
            ],
            "change_version": "2026-01-11T21:31:38.470913Z",
            "clone": [],
            "cpu_hot_add_enabled": false,
            "cpu_hot_remove_enabled": false,
            "cpu_limit": -1,
            "cpu_performance_counters_enabled": false,
            "cpu_reservation": 0,
            "cpu_share_count": 3000,
            "cpu_share_level": "normal",
            "custom_attributes": {},
            "datacenter_id": null,
            "datastore_cluster_id": null,
            "datastore_id": "datastore-27",
            "default_ip_address": null,
            "disk": [
              {
                "attach": false,
                "controller_type": "scsi",
                "datastore_id": "datastore-27",
                "device_address": "scsi:0:0",
                "disk_mode": "persistent",
                "disk_sharing": "sharingNone",
                "eagerly_scrub": false,
                "io_limit": -1,
                "io_reservation": 0,
                "io_share_count": 1000,
                "io_share_level": "normal",
                "keep_on_remove": false,
                "key": 2000,
                "label": "disk0",
                "path": "pr-k8s-wk-02/pr-k8s-wk-02.vmdk",
                "size": 80,
                "storage_policy_id": "",
                "thin_provisioned": true,
                "unit_number": 0,
                "uuid": "6000C294-cf5a-eaec-2424-f638087b97d9",
                "write_through": false
              }
            ],
            "efi_secure_boot_enabled": false,
            "enable_disk_uuid": true,
            "enable_logging": false,
            "ept_rvi_mode": "automatic",
            "extra_config": {
              "guestinfo.metadata": "aW5zdGFuY2UtaWQ6IHByLWs4cy13ay0wMgpsb2NhbC1ob3N0bmFtZTogcHItazhzLXdrLTAyCgo=",
              "guestinfo.metadata.encoding": "base64",
              "guestinfo.userdata": "I2Nsb3VkLWNvbmZpZwphdXRvaW5zdGFsbDoKICB2ZXJzaW9uOiAxCiAgaWRlbnRpdHk6CiAgICBob3N0bmFtZTogcHItazhzLXdrLTAyCiAgICB1c2VybmFtZTogdWJ1bnR1CiAgICBwYXNzd29yZDogIiQ2JGlVTEVpWlg3YkhCRm4uNmckQklRbEQzbjBXci9WMHBTcllDNkl5dzlqd1E3cFJpbzI4TDlQNjV4eHhacE83cnNPMnllLmpvQm9EWHFQRjNweXhHb29QNlFsVm5UeDcxWmhYVVlVNjEiCgogIHNzaDoKICAgIGluc3RhbGwtc2VydmVyOiB0cnVlCiAgICBhbGxvdy1wdzogdHJ1ZQogICAgYXV0aG9yaXplZC1rZXlzOgogICAgICAtIHNzaC1lZDI1NTE5IEFBQUFDM056YUMxbFpESTFOVEU1QUFBQUlHekpGTGJPa2FrZzlrQ1plRVhCWHJNVmhiRzV2L2ZWNTUrNzNFU1pNZVc5IGJyZC1maWxlLXN2Yy0wMQoKICBsb2NhbGU6IGVuX1VTLlVURi04CiAga2V5Ym9hcmQ6CiAgICBsYXlvdXQ6IHVzCgogIG5ldHdvcms6CiAgICB2ZXJzaW9uOiAyCiAgICBldGhlcm5ldHM6CiAgICAgIG5pYzA6CiAgICAgICAgbWF0Y2g6CiAgICAgICAgICBuYW1lOiAiZSoiCiAgICAgICAgc2V0LW5hbWU6IGVuczE2MAogICAgICAgIGFkZHJlc3NlczoKICAgICAgICAgIC0gMTkyLjE2OC4yMDEuNTUvMjQKICAgICAgICBnYXRld2F5NDogMTkyLjE2OC4yMDEuMgogICAgICAgIG5hbWVzZXJ2ZXJzOgogICAgICAgICAgYWRkcmVzc2VzOiBbOC44LjguOCwgMS4xLjEuMV0KCiAgc3RvcmFnZToKICAgIGxheW91dDoKICAgICAgbmFtZTogZGlyZWN0CgogIHBhY2thZ2VzOgogICAgLSBvcGVuLXZtLXRvb2xzCiAgICAtIHFlbXUtZ3Vlc3QtYWdlbnQKICAgIC0gY2EtY2VydGlmaWNhdGVzCiAgICAtIGN1cmwKCiAgbGF0ZS1jb21tYW5kczoKICAgIC0gY3VydGluIGluLXRhcmdldCAtLXRhcmdldD0vdGFyZ2V0IC0tIGJhc2ggLWxjICJzd2Fwb2ZmIC1hICYmIHNlZCAtaS5iYWsgJy8gc3dhcCAvIHMvXi8jLycgL2V0Yy9mc3RhYiIKICAgIC0gY3VydGluIGluLXRhcmdldCAtLXRhcmdldD0vdGFyZ2V0IC0tIGJhc2ggLWxjICJjYXQgPi9ldGMvbW9kdWxlcy1sb2FkLmQvazhzLmNvbmYgPDxFT0YyCm92ZXJsYXkKYnJfbmV0ZmlsdGVyCkVPRjIiCiAgICAtIGN1cnRpbiBpbi10YXJnZXQgLS10YXJnZXQ9L3RhcmdldCAtLSBiYXNoIC1sYyAibW9kcHJvYmUgb3ZlcmxheSAmJiBtb2Rwcm9iZSBicl9uZXRmaWx0ZXIiCiAgICAtIGN1cnRpbiBpbi10YXJnZXQgLS10YXJnZXQ9L3RhcmdldCAtLSBiYXNoIC1sYyAiY2F0ID4vZXRjL3N5c2N0bC5kL2s4cy5jb25mIDw8RU9GMgpuZXQuYnJpZGdlLmJyaWRnZS1uZi1jYWxsLWlwdGFibGVzICA9IDEKbmV0LmJyaWRnZS5icmlkZ2UtbmYtY2FsbC1pcDZ0YWJsZXMgPSAxCm5ldC5pcHY0LmlwX2ZvcndhcmQgICAgICAgICAgICAgICAgID0gMQpFT0YyIgogICAgLSBjdXJ0aW4gaW4tdGFyZ2V0IC0tdGFyZ2V0PS90YXJnZXQgLS0gYmFzaCAtbGMgInN5c2N0bCAtLXN5c3RlbSIKCg==",
              "guestinfo.userdata.encoding": "base64"
            },
            "extra_config_reboot_required": true,
            "firmware": "bios",
            "folder": "k8s",
            "force_power_off": true,
            "guest_id": "ubuntu64Guest",
            "guest_ip_addresses": [],
            "hardware_version": 19,
            "host_system_id": "host-17",
            "hv_mode": "hvAuto",
            "id": "42050743-da97-aafc-596a-3471bd765f12",
            "ide_controller_count": 2,
            "ignored_guest_ips": null,
            "imported": null,
            "latency_sensitivity": "normal",
            "memory": 8192,
            "memory_hot_add_enabled": false,
            "memory_limit": -1,
            "memory_reservation": 0,
            "memory_reservation_locked_to_max": false,
            "memory_share_count": 81920,
            "memory_share_level": "normal",
            "migrate_wait_timeout": 30,
            "moid": "vm-7084",
            "name": "pr-k8s-wk-02",
            "nested_hv_enabled": false,
            "network_interface": [
              {
                "adapter_type": "vmxnet3",
                "bandwidth_limit": -1,
                "bandwidth_reservation": 0,
                "bandwidth_share_count": 50,
                "bandwidth_share_level": "normal",
                "device_address": "pci:0:7",
                "key": 4000,
                "mac_address": "00:50:56:85:d2:53",
                "network_id": "dvportgroup-280",
                "ovf_mapping": "",
                "physical_function": "",
                "use_static_mac": false
              }
            ],
            "num_cores_per_socket": 1,
            "num_cpus": 3,
            "nvme_controller_count": 0,
            "ovf_deploy": [],
            "pci_device_id": [],
            "power_state": "on",
            "poweron_timeout": 300,
            "reboot_required": false,
            "replace_trigger": null,
            "resource_pool_id": "resgroup-9",
            "run_tools_scripts_after_power_on": true,
            "run_tools_scripts_after_resume": true,
            "run_tools_scripts_before_guest_reboot": false,
            "run_tools_scripts_before_guest_shutdown": true,
            "run_tools_scripts_before_guest_standby": true,
            "sata_controller_count": 0,
            "scsi_bus_sharing": "noSharing",
            "scsi_controller_count": 1,
            "scsi_type": "pvscsi",
            "shutdown_wait_timeout": 3,
            "storage_policy_id": "",
            "swap_placement_policy": "inherit",
            "sync_time_with_host": true,
            "sync_time_with_host_periodically": false,
            "tags": [],
            "tools_upgrade_policy": "manual",
            "uuid": "42050743-da97-aafc-596a-3471bd765f12",
            "vapp": [],
            "vapp_transport": [],
            "vbs_enabled": false,
            "vmware_tools_status": "guestToolsNotRunning",
            "vmx_path": "pr-k8s-wk-02/pr-k8s-wk-02.vmx",
            "vtpm": [],
            "vvtd_enabled": false,
            "wait_for_guest_ip_timeout": 0,
            "wait_for_guest_net_routable": true,
            "wait_for_guest_net_timeout": 0
          },
          "sensitive_attributes": [
            [
              {
                "type": "get_attr",
                "value": "extra_config"
              },
              {
                "type": "index",
                "value": {
                  "value": "guestinfo.userdata",
                  "type": "string"
                }
              }
            ]
          ],
          "identity_schema_version": 0,
          "private": "eyJzY2hlbWFfdmVyc2lvbiI6IjMifQ==",
          "dependencies": [
            "data.vsphere_compute_cluster.cluster",
            "data.vsphere_datacenter.dc",
            "data.vsphere_datastore.ds",
            "data.vsphere_network.net"
          ]
        },
        {
          "index_key": "pr-k8s-wk-03",
          "schema_version": 3,
          "attributes": {
            "alternate_guest_name": "",
            "annotation": "Kubernetes VIP: 192.168.201.57. Node role: worker",
            "boot_delay": 0,
            "boot_retry_delay": 10000,
            "boot_retry_enabled": true,
            "cdrom": [
              {
                "client_device": false,
                "datastore_id": "datastore-27",
                "device_address": "ide:0:0",
                "key": 3000,
                "path": "[DR-V7KGEN1-DS3] ISO/ubuntu-24.04.3-live-server-amd64.iso"
              }
            ],
            "change_version": "2026-01-11T21:31:38.63486Z",
            "clone": [],
            "cpu_hot_add_enabled": false,
            "cpu_hot_remove_enabled": false,
            "cpu_limit": -1,
            "cpu_performance_counters_enabled": false,
            "cpu_reservation": 0,
            "cpu_share_count": 3000,
            "cpu_share_level": "normal",
            "custom_attributes": {},
            "datacenter_id": null,
            "datastore_cluster_id": null,
            "datastore_id": "datastore-27",
            "default_ip_address": null,
            "disk": [
              {
                "attach": false,
                "controller_type": "scsi",
                "datastore_id": "datastore-27",
                "device_address": "scsi:0:0",
                "disk_mode": "persistent",
                "disk_sharing": "sharingNone",
                "eagerly_scrub": false,
                "io_limit": -1,
                "io_reservation": 0,
                "io_share_count": 1000,
                "io_share_level": "normal",
                "keep_on_remove": false,
                "key": 2000,
                "label": "disk0",
                "path": "pr-k8s-wk-03/pr-k8s-wk-03.vmdk",
                "size": 80,
                "storage_policy_id": "",
                "thin_provisioned": true,
                "unit_number": 0,
                "uuid": "6000C29b-2599-7f7c-3643-970dc33d122d",
                "write_through": false
              }
            ],
            "efi_secure_boot_enabled": false,
            "enable_disk_uuid": true,
            "enable_logging": false,
            "ept_rvi_mode": "automatic",
            "extra_config": {
              "guestinfo.metadata": "aW5zdGFuY2UtaWQ6IHByLWs4cy13ay0wMwpsb2NhbC1ob3N0bmFtZTogcHItazhzLXdrLTAzCgo=",
              "guestinfo.metadata.encoding": "base64",
              "guestinfo.userdata": "I2Nsb3VkLWNvbmZpZwphdXRvaW5zdGFsbDoKICB2ZXJzaW9uOiAxCiAgaWRlbnRpdHk6CiAgICBob3N0bmFtZTogcHItazhzLXdrLTAzCiAgICB1c2VybmFtZTogdWJ1bnR1CiAgICBwYXNzd29yZDogIiQ2JGlVTEVpWlg3YkhCRm4uNmckQklRbEQzbjBXci9WMHBTcllDNkl5dzlqd1E3cFJpbzI4TDlQNjV4eHhacE83cnNPMnllLmpvQm9EWHFQRjNweXhHb29QNlFsVm5UeDcxWmhYVVlVNjEiCgogIHNzaDoKICAgIGluc3RhbGwtc2VydmVyOiB0cnVlCiAgICBhbGxvdy1wdzogdHJ1ZQogICAgYXV0aG9yaXplZC1rZXlzOgogICAgICAtIHNzaC1lZDI1NTE5IEFBQUFDM056YUMxbFpESTFOVEU1QUFBQUlHekpGTGJPa2FrZzlrQ1plRVhCWHJNVmhiRzV2L2ZWNTUrNzNFU1pNZVc5IGJyZC1maWxlLXN2Yy0wMQoKICBsb2NhbGU6IGVuX1VTLlVURi04CiAga2V5Ym9hcmQ6CiAgICBsYXlvdXQ6IHVzCgogIG5ldHdvcms6CiAgICB2ZXJzaW9uOiAyCiAgICBldGhlcm5ldHM6CiAgICAgIG5pYzA6CiAgICAgICAgbWF0Y2g6CiAgICAgICAgICBuYW1lOiAiZSoiCiAgICAgICAgc2V0LW5hbWU6IGVuczE2MAogICAgICAgIGFkZHJlc3NlczoKICAgICAgICAgIC0gMTkyLjE2OC4yMDEuNTYvMjQKICAgICAgICBnYXRld2F5NDogMTkyLjE2OC4yMDEuMgogICAgICAgIG5hbWVzZXJ2ZXJzOgogICAgICAgICAgYWRkcmVzc2VzOiBbOC44LjguOCwgMS4xLjEuMV0KCiAgc3RvcmFnZToKICAgIGxheW91dDoKICAgICAgbmFtZTogZGlyZWN0CgogIHBhY2thZ2VzOgogICAgLSBvcGVuLXZtLXRvb2xzCiAgICAtIHFlbXUtZ3Vlc3QtYWdlbnQKICAgIC0gY2EtY2VydGlmaWNhdGVzCiAgICAtIGN1cmwKCiAgbGF0ZS1jb21tYW5kczoKICAgIC0gY3VydGluIGluLXRhcmdldCAtLXRhcmdldD0vdGFyZ2V0IC0tIGJhc2ggLWxjICJzd2Fwb2ZmIC1hICYmIHNlZCAtaS5iYWsgJy8gc3dhcCAvIHMvXi8jLycgL2V0Yy9mc3RhYiIKICAgIC0gY3VydGluIGluLXRhcmdldCAtLXRhcmdldD0vdGFyZ2V0IC0tIGJhc2ggLWxjICJjYXQgPi9ldGMvbW9kdWxlcy1sb2FkLmQvazhzLmNvbmYgPDxFT0YyCm92ZXJsYXkKYnJfbmV0ZmlsdGVyCkVPRjIiCiAgICAtIGN1cnRpbiBpbi10YXJnZXQgLS10YXJnZXQ9L3RhcmdldCAtLSBiYXNoIC1sYyAibW9kcHJvYmUgb3ZlcmxheSAmJiBtb2Rwcm9iZSBicl9uZXRmaWx0ZXIiCiAgICAtIGN1cnRpbiBpbi10YXJnZXQgLS10YXJnZXQ9L3RhcmdldCAtLSBiYXNoIC1sYyAiY2F0ID4vZXRjL3N5c2N0bC5kL2s4cy5jb25mIDw8RU9GMgpuZXQuYnJpZGdlLmJyaWRnZS1uZi1jYWxsLWlwdGFibGVzICA9IDEKbmV0LmJyaWRnZS5icmlkZ2UtbmYtY2FsbC1pcDZ0YWJsZXMgPSAxCm5ldC5pcHY0LmlwX2ZvcndhcmQgICAgICAgICAgICAgICAgID0gMQpFT0YyIgogICAgLSBjdXJ0aW4gaW4tdGFyZ2V0IC0tdGFyZ2V0PS90YXJnZXQgLS0gYmFzaCAtbGMgInN5c2N0bCAtLXN5c3RlbSIKCg==",
              "guestinfo.userdata.encoding": "base64"
            },
            "extra_config_reboot_required": true,
            "firmware": "bios",
            "folder": "k8s",
            "force_power_off": true,
            "guest_id": "ubuntu64Guest",
            "guest_ip_addresses": [],
            "hardware_version": 19,
            "host_system_id": "host-14",
            "hv_mode": "hvAuto",
            "id": "42059d39-7125-d491-cb50-e7781a45af87",
            "ide_controller_count": 2,
            "ignored_guest_ips": null,
            "imported": null,
            "latency_sensitivity": "normal",
            "memory": 8192,
            "memory_hot_add_enabled": false,
            "memory_limit": -1,
            "memory_reservation": 0,
            "memory_reservation_locked_to_max": false,
            "memory_share_count": 81920,
            "memory_share_level": "normal",
            "migrate_wait_timeout": 30,
            "moid": "vm-7086",
            "name": "pr-k8s-wk-03",
            "nested_hv_enabled": false,
            "network_interface": [
              {
                "adapter_type": "vmxnet3",
                "bandwidth_limit": -1,
                "bandwidth_reservation": 0,
                "bandwidth_share_count": 50,
                "bandwidth_share_level": "normal",
                "device_address": "pci:0:7",
                "key": 4000,
                "mac_address": "00:50:56:85:f0:5c",
                "network_id": "dvportgroup-280",
                "ovf_mapping": "",
                "physical_function": "",
                "use_static_mac": false
              }
            ],
            "num_cores_per_socket": 1,
            "num_cpus": 3,
            "nvme_controller_count": 0,
            "ovf_deploy": [],
            "pci_device_id": [],
            "power_state": "on",
            "poweron_timeout": 300,
            "reboot_required": false,
            "replace_trigger": null,
            "resource_pool_id": "resgroup-9",
            "run_tools_scripts_after_power_on": true,
            "run_tools_scripts_after_resume": true,
            "run_tools_scripts_before_guest_reboot": false,
            "run_tools_scripts_before_guest_shutdown": true,
            "run_tools_scripts_before_guest_standby": true,
            "sata_controller_count": 0,
            "scsi_bus_sharing": "noSharing",
            "scsi_controller_count": 1,
            "scsi_type": "pvscsi",
            "shutdown_wait_timeout": 3,
            "storage_policy_id": "",
            "swap_placement_policy": "inherit",
            "sync_time_with_host": true,
            "sync_time_with_host_periodically": false,
            "tags": [],
            "tools_upgrade_policy": "manual",
            "uuid": "42059d39-7125-d491-cb50-e7781a45af87",
            "vapp": [],
            "vapp_transport": [],
            "vbs_enabled": false,
            "vmware_tools_status": "guestToolsNotRunning",
            "vmx_path": "pr-k8s-wk-03/pr-k8s-wk-03.vmx",
            "vtpm": [],
            "vvtd_enabled": false,
            "wait_for_guest_ip_timeout": 0,
            "wait_for_guest_net_routable": true,
            "wait_for_guest_net_timeout": 0
          },
          "sensitive_attributes": [
            [
              {
                "type": "get_attr",
                "value": "extra_config"
              },
              {
                "type": "index",
                "value": {
                  "value": "guestinfo.userdata",
                  "type": "string"
                }
              }
            ]
          ],
          "identity_schema_version": 0,
          "private": "eyJzY2hlbWFfdmVyc2lvbiI6IjMifQ==",
          "dependencies": [
            "data.vsphere_compute_cluster.cluster",
            "data.vsphere_datacenter.dc",
            "data.vsphere_datastore.ds",
            "data.vsphere_network.net"
          ]
        }
      ]
    }
  ],
  "check_results": null
}
